{
  "name": "angle-meteor-angular",
  "version": "0.0.0",
  "lockfileVersion": 1,
  "requires": true,
  "dependencies": {
    "angular": {
      "version": "1.6.4",
      "resolved": "https://registry.npmjs.org/angular/-/angular-1.6.4.tgz",
      "integrity": "sha1-A7exXAGggC1+LPWTJA5gQFTcd/s="
    },
    "angular-animate": {
      "version": "1.6.4",
      "resolved": "https://registry.npmjs.org/angular-animate/-/angular-animate-1.6.4.tgz",
      "integrity": "sha1-0+uQbTmDTy373Zgua416O02QAdI="
    },
    "angular-cookies": {
      "version": "1.6.4",
      "resolved": "https://registry.npmjs.org/angular-cookies/-/angular-cookies-1.6.4.tgz",
      "integrity": "sha1-wo8/aqx6mCbB5F8daAckADblsm0="
    },
    "angular-dynamic-locale": {
      "version": "0.1.32",
      "resolved": "https://registry.npmjs.org/angular-dynamic-locale/-/angular-dynamic-locale-0.1.32.tgz",
      "integrity": "sha1-0H/qdSgfJbqUpb5bRt8qAsXjWDY="
    },
    "angular-loading-bar": {
      "version": "0.9.0",
      "resolved": "https://registry.npmjs.org/angular-loading-bar/-/angular-loading-bar-0.9.0.tgz",
      "integrity": "sha1-N+9Swl8QLCFuezzf0vxaXflijkU="
    },
    "angular-meteor": {
      "version": "1.3.11",
      "resolved": "https://registry.npmjs.org/angular-meteor/-/angular-meteor-1.3.11.tgz",
      "integrity": "sha1-83a01iQPRdTFUPAQNNS66V++Zpw=",
      "requires": {
        "jsondiffpatch": "0.1.43",
        "underscore": "1.8.3"
      }
    },
    "angular-resource": {
      "version": "1.6.4",
      "resolved": "https://registry.npmjs.org/angular-resource/-/angular-resource-1.6.4.tgz",
      "integrity": "sha1-vLg2iLCn00Av3ljcf0iBODpsDrs="
    },
    "angular-route": {
      "version": "1.6.4",
      "resolved": "https://registry.npmjs.org/angular-route/-/angular-route-1.6.4.tgz",
      "integrity": "sha1-e7IW/Np0ahuMRSBUsFkApwdOzGI="
    },
    "angular-sanitize": {
      "version": "1.6.4",
      "resolved": "https://registry.npmjs.org/angular-sanitize/-/angular-sanitize-1.6.4.tgz",
      "integrity": "sha1-YKN+qW+w1KMio8y2TuSlzzsVTww="
    },
    "angular-touch": {
      "version": "1.6.4",
      "resolved": "https://registry.npmjs.org/angular-touch/-/angular-touch-1.6.4.tgz",
      "integrity": "sha1-AnUPzPd8oO2Umm0TISY6uw+GsiM="
    },
    "angular-translate": {
      "version": "2.15.1",
      "resolved": "https://registry.npmjs.org/angular-translate/-/angular-translate-2.15.1.tgz",
      "integrity": "sha1-kg99K4d4GeHA+ogXgbm2dfNkgM4=",
      "requires": {
        "angular": "1.6.4"
      }
    },
    "angular-translate-loader-static-files": {
      "version": "2.15.1",
      "resolved": "https://registry.npmjs.org/angular-translate-loader-static-files/-/angular-translate-loader-static-files-2.15.1.tgz",
      "integrity": "sha1-KKcp3UDEcJk/fRAEOmTQBz0XRho=",
      "requires": {
        "angular-translate": "2.15.1"
      }
    },
    "angular-translate-loader-url": {
      "version": "2.15.1",
      "resolved": "https://registry.npmjs.org/angular-translate-loader-url/-/angular-translate-loader-url-2.15.1.tgz",
      "integrity": "sha1-MdZ4WlnYE/59ihmQ2L4Whk/1niQ=",
      "requires": {
        "angular-translate": "2.15.1"
      }
    },
    "angular-translate-storage-cookie": {
      "version": "2.15.1",
      "resolved": "https://registry.npmjs.org/angular-translate-storage-cookie/-/angular-translate-storage-cookie-2.15.1.tgz",
      "integrity": "sha1-KinR84+lB58TmoysER/J32pModk=",
      "requires": {
        "angular-cookies": "1.6.4",
        "angular-translate": "2.15.1"
      }
    },
    "angular-translate-storage-local": {
      "version": "2.15.1",
      "resolved": "https://registry.npmjs.org/angular-translate-storage-local/-/angular-translate-storage-local-2.15.1.tgz",
      "integrity": "sha1-B3VztqEvevtwAcepA1BBeTaF16c=",
      "requires": {
        "angular-translate": "2.15.1",
        "angular-translate-storage-cookie": "2.15.1"
      }
    },
    "angular-ui-bootstrap": {
      "version": "2.5.0",
      "resolved": "https://registry.npmjs.org/angular-ui-bootstrap/-/angular-ui-bootstrap-2.5.0.tgz",
      "integrity": "sha1-L6zvuRU4ZlXcX0QVAlgDJRcjbQE="
    },
    "angular-ui-event": {
      "version": "1.0.0",
      "resolved": "https://registry.npmjs.org/angular-ui-event/-/angular-ui-event-1.0.0.tgz",
      "integrity": "sha1-OraMobbWiXTk7/D5Shaki5v38CM="
    },
    "angular-ui-indeterminate": {
      "version": "1.0.0",
      "resolved": "https://registry.npmjs.org/angular-ui-indeterminate/-/angular-ui-indeterminate-1.0.0.tgz",
      "integrity": "sha1-UXhKYOuAruglHp/J7DD74QUSVRQ="
    },
    "angular-ui-mask": {
      "version": "1.8.7",
      "resolved": "https://registry.npmjs.org/angular-ui-mask/-/angular-ui-mask-1.8.7.tgz",
      "integrity": "sha1-KTWugjRa3tYOe4yZfzkC37jtRls="
    },
    "angular-ui-router": {
      "version": "1.0.0-beta.2",
      "resolved": "https://registry.npmjs.org/angular-ui-router/-/angular-ui-router-1.0.0-beta.2.tgz",
      "integrity": "sha1-B56XFpjD2qqhHfF2KDUAQ5G6G+4="
    },
    "angular-ui-scroll": {
      "version": "1.6.1",
      "resolved": "https://registry.npmjs.org/angular-ui-scroll/-/angular-ui-scroll-1.6.1.tgz",
      "integrity": "sha1-3o9kkqawObmNxze0Vp9wvln7iwg="
    },
    "angular-ui-scrollpoint": {
      "version": "2.1.1",
      "resolved": "https://registry.npmjs.org/angular-ui-scrollpoint/-/angular-ui-scrollpoint-2.1.1.tgz",
      "integrity": "sha1-2KF54I5nt9lj6oxbJamkHBQtYDk="
    },
    "angular-ui-uploader": {
      "version": "1.4.0",
      "resolved": "https://registry.npmjs.org/angular-ui-uploader/-/angular-ui-uploader-1.4.0.tgz",
      "integrity": "sha1-UAb7/JvNBCokWcm6ByHVrtM2Cz8="
    },
    "angular-ui-validate": {
      "version": "1.2.2",
      "resolved": "https://registry.npmjs.org/angular-ui-validate/-/angular-ui-validate-1.2.2.tgz",
      "integrity": "sha1-ZaWVpA5qIbfMNNtALVMwEfLMm3g="
    },
    "ansi-regex": {
      "version": "0.2.1",
      "resolved": "https://registry.npmjs.org/ansi-regex/-/ansi-regex-0.2.1.tgz",
      "integrity": "sha1-DY6UaWej2BQ/k+JOKYUl/BsiNfk="
    },
    "ansi-styles": {
      "version": "1.1.0",
      "resolved": "https://registry.npmjs.org/ansi-styles/-/ansi-styles-1.1.0.tgz",
      "integrity": "sha1-6uy/Zs1waIJ2Cy9GkVgrj1XXp94="
    },
    "babel-runtime": {
      "version": "6.23.0",
      "resolved": "https://registry.npmjs.org/babel-runtime/-/babel-runtime-6.23.0.tgz",
      "integrity": "sha1-CpSJ8UTecO+zzkMArM2zKeL8VDs=",
      "requires": {
        "core-js": "2.5.1",
        "regenerator-runtime": "0.10.5"
      }
    },
    "chalk": {
      "version": "0.5.1",
      "resolved": "https://registry.npmjs.org/chalk/-/chalk-0.5.1.tgz",
      "integrity": "sha1-Zjs6ZItotV0EaQ1JFnqoN4WPIXQ=",
      "requires": {
        "ansi-styles": "1.1.0",
        "escape-string-regexp": "1.0.5",
        "has-ansi": "0.1.0",
        "strip-ansi": "0.3.0",
        "supports-color": "0.2.0"
      }
    },
    "core-js": {
      "version": "2.5.1",
      "resolved": "https://registry.npmjs.org/core-js/-/core-js-2.5.1.tgz",
      "integrity": "sha1-rmh03GaTd4m4B1T/VCjfZoGcpQs="
    },
    "escape-string-regexp": {
      "version": "1.0.5",
      "resolved": "https://registry.npmjs.org/escape-string-regexp/-/escape-string-regexp-1.0.5.tgz",
      "integrity": "sha1-G2HAViGQqN/2rjuyzwIAyhMLhtQ="
    },
    "has-ansi": {
      "version": "0.1.0",
      "resolved": "https://registry.npmjs.org/has-ansi/-/has-ansi-0.1.0.tgz",
      "integrity": "sha1-hPJlqujA5qiKEtcCKJS3VoiUxi4=",
      "requires": {
        "ansi-regex": "0.2.1"
      }
    },
    "jquery": {
      "version": "2.2.4",
      "resolved": "https://registry.npmjs.org/jquery/-/jquery-2.2.4.tgz",
      "integrity": "sha1-LInWiJterFIqfuoywUUhVZxsvwI="
    },
    "jquery.browser": {
      "version": "0.1.0",
      "resolved": "https://registry.npmjs.org/jquery.browser/-/jquery.browser-0.1.0.tgz",
      "integrity": "sha1-nHKmCV/SgUtER26o9xZne3Kmors="
    },
    "jsondiffpatch": {
      "version": "0.1.43",
      "resolved": "https://registry.npmjs.org/jsondiffpatch/-/jsondiffpatch-0.1.43.tgz",
      "integrity": "sha1-wFKImpnvfroZ0AlfkPclz6cKVhE=",
      "requires": {
        "chalk": "0.5.1"
      }
    },
    "ngstorage": {
      "version": "0.3.11",
      "resolved": "https://registry.npmjs.org/ngstorage/-/ngstorage-0.3.11.tgz",
      "integrity": "sha1-FjfEW4ctkJ2cx+GLN0iY1QsuhE8="
    },
    "oclazyload": {
      "version": "1.1.0",
      "resolved": "https://registry.npmjs.org/oclazyload/-/oclazyload-1.1.0.tgz",
      "integrity": "sha1-qYBzIvGQggqBwCLy7xcB0DbYPoc="
    },
    "regenerator-runtime": {
      "version": "0.10.5",
      "resolved": "https://registry.npmjs.org/regenerator-runtime/-/regenerator-runtime-0.10.5.tgz",
      "integrity": "sha1-M2w+/BIgrc7dosn6tntaeVWjNlg="
    },
    "strip-ansi": {
      "version": "0.3.0",
      "resolved": "https://registry.npmjs.org/strip-ansi/-/strip-ansi-0.3.0.tgz",
      "integrity": "sha1-JfSOoiynkYfzF0pNuHWTR7sSYiA=",
      "requires": {
        "ansi-regex": "0.2.1"
      }
    },
    "supports-color": {
      "version": "0.2.0",
      "resolved": "https://registry.npmjs.org/supports-color/-/supports-color-0.2.0.tgz",
      "integrity": "sha1-2S3iaU6z9nMjlz1649i1W0wiGQo="
    },
    "underscore": {
      "version": "1.8.3",
      "resolved": "https://registry.npmjs.org/underscore/-/underscore-1.8.3.tgz",
      "integrity": "sha1-Tz+1OxBuYJf8+ctBCfKl6b36UCI="
    }
  }
}
